
Microsoft Visual Studio Solution File, Format Version 12.00
# Visual Studio 15
VisualStudioVersion = 15.0.26124.0
MinimumVisualStudioVersion = 15.0.26124.0
Project("{FAE04EC0-301F-11D3-BF4B-00C04F79EFBC}") = "shop.web", "Web\shop.web.csproj", "{369B0C56-42DC-4338-83D3-C48596E59140}"
EndProject
Project("{FAE04EC0-301F-11D3-BF4B-00C04F79EFBC}") = "shop.Infrastructure", "Infrastructure\shop.Infrastructure.csproj", "{C9836473-6EC4-404E-AFBF-9EA1F0AD8B88}"
EndProject
Project("{FAE04EC0-301F-11D3-BF4B-00C04F79EFBC}") = "Shop.Core", "Core\Shop.Core.csproj", "{2557B775-A495-439E-83B3-57A7643920B0}"
EndProject
Project("{2150E333-8FDC-42A3-9474-1A3956D46DE8}") = "Tests", "Tests", "{6B456A63-0E3E-4E80-BE12-A93242FCE1B0}"
EndProject
Project("{FAE04EC0-301F-11D3-BF4B-00C04F79EFBC}") = "Shop.UnitTests", "Tests\UnitTests\Shop.UnitTests.csproj", "{5915845A-5692-49EB-A430-B0AE19307F1E}"
EndProject
Project("{FAE04EC0-301F-11D3-BF4B-00C04F79EFBC}") = "Shop.IntegrationTests", "Tests\IntegrationTests\Shop.IntegrationTests.csproj", "{1D4CC438-DA66-4F65-BDE8-5435DE74A8C1}"
EndProject
Global
	GlobalSection(SolutionConfigurationPlatforms) = preSolution
		Debug|Any CPU = Debug|Any CPU
		Debug|x64 = Debug|x64
		Debug|x86 = Debug|x86
		Release|Any CPU = Release|Any CPU
		Release|x64 = Release|x64
		Release|x86 = Release|x86
	EndGlobalSection
	GlobalSection(SolutionProperties) = preSolution
		HideSolutionNode = FALSE
	EndGlobalSection
	GlobalSection(ProjectConfigurationPlatforms) = postSolution
		{369B0C56-42DC-4338-83D3-C48596E59140}.Debug|Any CPU.ActiveCfg = Debug|Any CPU
		{369B0C56-42DC-4338-83D3-C48596E59140}.Debug|Any CPU.Build.0 = Debug|Any CPU
		{369B0C56-42DC-4338-83D3-C48596E59140}.Debug|x64.ActiveCfg = Debug|Any CPU
		{369B0C56-42DC-4338-83D3-C48596E59140}.Debug|x64.Build.0 = Debug|Any CPU
		{369B0C56-42DC-4338-83D3-C48596E59140}.Debug|x86.ActiveCfg = Debug|Any CPU
		{369B0C56-42DC-4338-83D3-C48596E59140}.Debug|x86.Build.0 = Debug|Any CPU
		{369B0C56-42DC-4338-83D3-C48596E59140}.Release|Any CPU.ActiveCfg = Release|Any CPU
		{369B0C56-42DC-4338-83D3-C48596E59140}.Release|Any CPU.Build.0 = Release|Any CPU
		{369B0C56-42DC-4338-83D3-C48596E59140}.Release|x64.ActiveCfg = Release|Any CPU
		{369B0C56-42DC-4338-83D3-C48596E59140}.Release|x64.Build.0 = Release|Any CPU
		{369B0C56-42DC-4338-83D3-C48596E59140}.Release|x86.ActiveCfg = Release|Any CPU
		{369B0C56-42DC-4338-83D3-C48596E59140}.Release|x86.Build.0 = Release|Any CPU
		{C9836473-6EC4-404E-AFBF-9EA1F0AD8B88}.Debug|Any CPU.ActiveCfg = Debug|Any CPU
		{C9836473-6EC4-404E-AFBF-9EA1F0AD8B88}.Debug|Any CPU.Build.0 = Debug|Any CPU
		{C9836473-6EC4-404E-AFBF-9EA1F0AD8B88}.Debug|x64.ActiveCfg = Debug|Any CPU
		{C9836473-6EC4-404E-AFBF-9EA1F0AD8B88}.Debug|x64.Build.0 = Debug|Any CPU
		{C9836473-6EC4-404E-AFBF-9EA1F0AD8B88}.Debug|x86.ActiveCfg = Debug|Any CPU
		{C9836473-6EC4-404E-AFBF-9EA1F0AD8B88}.Debug|x86.Build.0 = Debug|Any CPU
		{C9836473-6EC4-404E-AFBF-9EA1F0AD8B88}.Release|Any CPU.ActiveCfg = Release|Any CPU
		{C9836473-6EC4-404E-AFBF-9EA1F0AD8B88}.Release|Any CPU.Build.0 = Release|Any CPU
		{C9836473-6EC4-404E-AFBF-9EA1F0AD8B88}.Release|x64.ActiveCfg = Release|Any CPU
		{C9836473-6EC4-404E-AFBF-9EA1F0AD8B88}.Release|x64.Build.0 = Release|Any CPU
		{C9836473-6EC4-404E-AFBF-9EA1F0AD8B88}.Release|x86.ActiveCfg = Release|Any CPU
		{C9836473-6EC4-404E-AFBF-9EA1F0AD8B88}.Release|x86.Build.0 = Release|Any CPU
		{2557B775-A495-439E-83B3-57A7643920B0}.Debug|Any CPU.ActiveCfg = Debug|Any CPU
		{2557B775-A495-439E-83B3-57A7643920B0}.Debug|Any CPU.Build.0 = Debug|Any CPU
		{2557B775-A495-439E-83B3-57A7643920B0}.Debug|x64.ActiveCfg = Debug|Any CPU
		{2557B775-A495-439E-83B3-57A7643920B0}.Debug|x64.Build.0 = Debug|Any CPU
		{2557B775-A495-439E-83B3-57A7643920B0}.Debug|x86.ActiveCfg = Debug|Any CPU
		{2557B775-A495-439E-83B3-57A7643920B0}.Debug|x86.Build.0 = Debug|Any CPU
		{2557B775-A495-439E-83B3-57A7643920B0}.Release|Any CPU.ActiveCfg = Release|Any CPU
		{2557B775-A495-439E-83B3-57A7643920B0}.Release|Any CPU.Build.0 = Release|Any CPU
		{2557B775-A495-439E-83B3-57A7643920B0}.Release|x64.ActiveCfg = Release|Any CPU
		{2557B775-A495-439E-83B3-57A7643920B0}.Release|x64.Build.0 = Release|Any CPU
		{2557B775-A495-439E-83B3-57A7643920B0}.Release|x86.ActiveCfg = Release|Any CPU
		{2557B775-A495-439E-83B3-57A7643920B0}.Release|x86.Build.0 = Release|Any CPU
		{5915845A-5692-49EB-A430-B0AE19307F1E}.Debug|Any CPU.ActiveCfg = Debug|Any CPU
		{5915845A-5692-49EB-A430-B0AE19307F1E}.Debug|Any CPU.Build.0 = Debug|Any CPU
		{5915845A-5692-49EB-A430-B0AE19307F1E}.Debug|x64.ActiveCfg = Debug|Any CPU
		{5915845A-5692-49EB-A430-B0AE19307F1E}.Debug|x64.Build.0 = Debug|Any CPU
		{5915845A-5692-49EB-A430-B0AE19307F1E}.Debug|x86.ActiveCfg = Debug|Any CPU
		{5915845A-5692-49EB-A430-B0AE19307F1E}.Debug|x86.Build.0 = Debug|Any CPU
		{5915845A-5692-49EB-A430-B0AE19307F1E}.Release|Any CPU.ActiveCfg = Release|Any CPU
		{5915845A-5692-49EB-A430-B0AE19307F1E}.Release|Any CPU.Build.0 = Release|Any CPU
		{5915845A-5692-49EB-A430-B0AE19307F1E}.Release|x64.ActiveCfg = Release|Any CPU
		{5915845A-5692-49EB-A430-B0AE19307F1E}.Release|x64.Build.0 = Release|Any CPU
		{5915845A-5692-49EB-A430-B0AE19307F1E}.Release|x86.ActiveCfg = Release|Any CPU
		{5915845A-5692-49EB-A430-B0AE19307F1E}.Release|x86.Build.0 = Release|Any CPU
		{1D4CC438-DA66-4F65-BDE8-5435DE74A8C1}.Debug|Any CPU.ActiveCfg = Debug|Any CPU
		{1D4CC438-DA66-4F65-BDE8-5435DE74A8C1}.Debug|Any CPU.Build.0 = Debug|Any CPU
		{1D4CC438-DA66-4F65-BDE8-5435DE74A8C1}.Debug|x64.ActiveCfg = Debug|Any CPU
		{1D4CC438-DA66-4F65-BDE8-5435DE74A8C1}.Debug|x64.Build.0 = Debug|Any CPU
		{1D4CC438-DA66-4F65-BDE8-5435DE74A8C1}.Debug|x86.ActiveCfg = Debug|Any CPU
		{1D4CC438-DA66-4F65-BDE8-5435DE74A8C1}.Debug|x86.Build.0 = Debug|Any CPU
		{1D4CC438-DA66-4F65-BDE8-5435DE74A8C1}.Release|Any CPU.ActiveCfg = Release|Any CPU
		{1D4CC438-DA66-4F65-BDE8-5435DE74A8C1}.Release|Any CPU.Build.0 = Release|Any CPU
		{1D4CC438-DA66-4F65-BDE8-5435DE74A8C1}.Release|x64.ActiveCfg = Release|Any CPU
		{1D4CC438-DA66-4F65-BDE8-5435DE74A8C1}.Release|x64.Build.0 = Release|Any CPU
		{1D4CC438-DA66-4F65-BDE8-5435DE74A8C1}.Release|x86.ActiveCfg = Release|Any CPU
		{1D4CC438-DA66-4F65-BDE8-5435DE74A8C1}.Release|x86.Build.0 = Release|Any CPU
	EndGlobalSection
	GlobalSection(NestedProjects) = preSolution
		{5915845A-5692-49EB-A430-B0AE19307F1E} = {6B456A63-0E3E-4E80-BE12-A93242FCE1B0}
		{1D4CC438-DA66-4F65-BDE8-5435DE74A8C1} = {6B456A63-0E3E-4E80-BE12-A93242FCE1B0}
	EndGlobalSection
EndGlobal
